
Microsoft Visual Studio Solution File, Format Version 12.00
# Visual Studio Version 17
VisualStudioVersion = 17.7.34031.279
MinimumVisualStudioVersion = 10.0.40219.1
Project("{FAE04EC0-301F-11D3-BF4B-00C04F79EFBC}") = "Sinca_Teodora_Lab1", "Sinca_Teodora_Lab1.csproj", "{BA9BB0FF-6967-4A27-85EF-D3F04B45C5F0}"
EndProject
Global
	GlobalSection(SolutionConfigurationPlatforms) = preSolution
		Debug|Any CPU = Debug|Any CPU
		Release|Any CPU = Release|Any CPU
	EndGlobalSection
	GlobalSection(ProjectConfigurationPlatforms) = postSolution
		{BA9BB0FF-6967-4A27-85EF-D3F04B45C5F0}.Debug|Any CPU.ActiveCfg = Debug|Any CPU
		{BA9BB0FF-6967-4A27-85EF-D3F04B45C5F0}.Debug|Any CPU.Build.0 = Debug|Any CPU
		{BA9BB0FF-6967-4A27-85EF-D3F04B45C5F0}.Release|Any CPU.ActiveCfg = Release|Any CPU
		{BA9BB0FF-6967-4A27-85EF-D3F04B45C5F0}.Release|Any CPU.Build.0 = Release|Any CPU
	EndGlobalSection
	GlobalSection(SolutionProperties) = preSolution
		HideSolutionNode = FALSE
	EndGlobalSection
	GlobalSection(ExtensibilityGlobals) = postSolution
		SolutionGuid = {12BEDDC8-C890-49AF-A4E9-586ABDDFA747}
	EndGlobalSection
EndGlobal
